
Microsoft Visual Studio Solution File, Format Version 12.00
# Visual Studio Version 17
VisualStudioVersion = 17.2.32516.85
MinimumVisualStudioVersion = 10.0.40219.1
Project("{FAE04EC0-301F-11D3-BF4B-00C04F79EFBC}") = "BakeryWeb", "BakeryWeb.csproj", "{9DAD637E-5B72-4FA9-9919-EDF425BD95CC}"
EndProject
Global
	GlobalSection(SolutionConfigurationPlatforms) = preSolution
		Debug|Any CPU = Debug|Any CPU
		Release|Any CPU = Release|Any CPU
	EndGlobalSection
	GlobalSection(ProjectConfigurationPlatforms) = postSolution
		{9DAD637E-5B72-4FA9-9919-EDF425BD95CC}.Debug|Any CPU.ActiveCfg = Debug|Any CPU
		{9DAD637E-5B72-4FA9-9919-EDF425BD95CC}.Debug|Any CPU.Build.0 = Debug|Any CPU
		{9DAD637E-5B72-4FA9-9919-EDF425BD95CC}.Release|Any CPU.ActiveCfg = Release|Any CPU
		{9DAD637E-5B72-4FA9-9919-EDF425BD95CC}.Release|Any CPU.Build.0 = Release|Any CPU
	EndGlobalSection
	GlobalSection(SolutionProperties) = preSolution
		HideSolutionNode = FALSE
	EndGlobalSection
	GlobalSection(ExtensibilityGlobals) = postSolution
		SolutionGuid = {85C9653A-3A82-488A-8245-1989D7B9343E}
	EndGlobalSection
EndGlobal
